// !$*UTF8*$!
{
	archiveVersion = 1;
	classes = {
	};
	objectVersion = 51;
	objects = {

/* Begin PBXBuildFile section */
		41BA5BF35796CF44873ECB12 /* Pods_RunningGoals.framework in Frameworks */ = {isa = PBXBuildFile; fileRef = 11107CF693E5D2E5894FA338 /* Pods_RunningGoals.framework */; };
		939218822541657300E5ADE9 /* RunningGoalsApp.swift in Sources */ = {isa = PBXBuildFile; fileRef = 939218812541657300E5ADE9 /* RunningGoalsApp.swift */; };
		939218842541657300E5ADE9 /* LandingView.swift in Sources */ = {isa = PBXBuildFile; fileRef = 939218832541657300E5ADE9 /* LandingView.swift */; };
		939218862541657500E5ADE9 /* Assets.xcassets in Resources */ = {isa = PBXBuildFile; fileRef = 939218852541657500E5ADE9 /* Assets.xcassets */; };
		939218892541657500E5ADE9 /* Preview Assets.xcassets in Resources */ = {isa = PBXBuildFile; fileRef = 939218882541657500E5ADE9 /* Preview Assets.xcassets */; };
		9392189225416E3000E5ADE9 /* PrimaryButtonStyle.swift in Sources */ = {isa = PBXBuildFile; fileRef = 9392189125416E3000E5ADE9 /* PrimaryButtonStyle.swift */; };
		9392189625416F4400E5ADE9 /* Color+Extensions.swift in Sources */ = {isa = PBXBuildFile; fileRef = 9392189525416F4400E5ADE9 /* Color+Extensions.swift */; };
		9392189E254177EC00E5ADE9 /* CreateGoalsView.swift in Sources */ = {isa = PBXBuildFile; fileRef = 9392189D254177EC00E5ADE9 /* CreateGoalsView.swift */; };
		939218A225417A6000E5ADE9 /* DropDownView.swift in Sources */ = {isa = PBXBuildFile; fileRef = 939218A125417A6000E5ADE9 /* DropDownView.swift */; };
		939218A52541816F00E5ADE9 /* ReminderView.swift in Sources */ = {isa = PBXBuildFile; fileRef = 939218A42541816F00E5ADE9 /* ReminderView.swift */; };
		939218A925418E8E00E5ADE9 /* CreateGoalsViewModel.swift in Sources */ = {isa = PBXBuildFile; fileRef = 939218A825418E8E00E5ADE9 /* CreateGoalsViewModel.swift */; };
		939218AC2541A09000E5ADE9 /* DropdownItemProtocol.swift in Sources */ = {isa = PBXBuildFile; fileRef = 939218AB2541A09000E5ADE9 /* DropdownItemProtocol.swift */; };
		939218B82541BDA900E5ADE9 /* PrimaryTextFieldStyle.swift in Sources */ = {isa = PBXBuildFile; fileRef = 939218B72541BDA900E5ADE9 /* PrimaryTextFieldStyle.swift */; };
		939218BC2541C61F00E5ADE9 /* PrimaryTextFieldProtocol.swift in Sources */ = {isa = PBXBuildFile; fileRef = 939218BB2541C61F00E5ADE9 /* PrimaryTextFieldProtocol.swift */; };
		939218BF2541C66E00E5ADE9 /* PrimaryTextFieldView.swift in Sources */ = {isa = PBXBuildFile; fileRef = 939218BE2541C66E00E5ADE9 /* PrimaryTextFieldView.swift */; };
		939218C32542B15300E5ADE9 /* GoogleService-Info.plist in Resources */ = {isa = PBXBuildFile; fileRef = 939218C22542B15300E5ADE9 /* GoogleService-Info.plist */; };
		939218DE2542BDDE00E5ADE9 /* UserService.swift in Sources */ = {isa = PBXBuildFile; fileRef = 939218DD2542BDDE00E5ADE9 /* UserService.swift */; };
		939218E225430BC000E5ADE9 /* Goal.swift in Sources */ = {isa = PBXBuildFile; fileRef = 939218E125430BC000E5ADE9 /* Goal.swift */; };
		939218E625430D8000E5ADE9 /* GoalService.swift in Sources */ = {isa = PBXBuildFile; fileRef = 939218E525430D8000E5ADE9 /* GoalService.swift */; };
		939218E925431E5000E5ADE9 /* GoalsError.swift in Sources */ = {isa = PBXBuildFile; fileRef = 939218E825431E5000E5ADE9 /* GoalsError.swift */; };
		939D112F2547346D000A1E99 /* AuthPublisher.swift in Sources */ = {isa = PBXBuildFile; fileRef = 939D112E2547346D000A1E99 /* AuthPublisher.swift */; };
		939D11322548108E000A1E99 /* TabContainerView.swift in Sources */ = {isa = PBXBuildFile; fileRef = 939D11312548108E000A1E99 /* TabContainerView.swift */; };
		939D113525481528000A1E99 /* TabContainerViewModel.swift in Sources */ = {isa = PBXBuildFile; fileRef = 939D113425481528000A1E99 /* TabContainerViewModel.swift */; };
		939D1138254832F3000A1E99 /* GoalsListView.swift in Sources */ = {isa = PBXBuildFile; fileRef = 939D1137254832F3000A1E99 /* GoalsListView.swift */; };
		939D113C2548331D000A1E99 /* GoalsListViewModel.swift in Sources */ = {isa = PBXBuildFile; fileRef = 939D113B2548331D000A1E99 /* GoalsListViewModel.swift */; };
		939D1141254833FE000A1E99 /* QuerySnapshotPublisher.swift in Sources */ = {isa = PBXBuildFile; fileRef = 939D1140254833FE000A1E99 /* QuerySnapshotPublisher.swift */; };
		939D114425485D8D000A1E99 /* GoalItemViewModel.swift in Sources */ = {isa = PBXBuildFile; fileRef = 939D114325485D8D000A1E99 /* GoalItemViewModel.swift */; };
		939D11492549A23A000A1E99 /* SettingsView.swift in Sources */ = {isa = PBXBuildFile; fileRef = 939D11482549A23A000A1E99 /* SettingsView.swift */; };
		939D114C2549A24D000A1E99 /* SettingsViewModel.swift in Sources */ = {isa = PBXBuildFile; fileRef = 939D114B2549A24D000A1E99 /* SettingsViewModel.swift */; };
		939D114F2549A611000A1E99 /* SettingsItemViewModel.swift in Sources */ = {isa = PBXBuildFile; fileRef = 939D114E2549A611000A1E99 /* SettingsItemViewModel.swift */; };
		939D1154254AD5D3000A1E99 /* LandingViewModel.swift in Sources */ = {isa = PBXBuildFile; fileRef = 939D1153254AD5D3000A1E99 /* LandingViewModel.swift */; };
		93DB84F42550145500C103D8 /* LoginSignupView.swift in Sources */ = {isa = PBXBuildFile; fileRef = 93DB84F32550145500C103D8 /* LoginSignupView.swift */; };
		93DB84F7255014A300C103D8 /* LoginSignupViewModel.swift in Sources */ = {isa = PBXBuildFile; fileRef = 93DB84F6255014A300C103D8 /* LoginSignupViewModel.swift */; };
		93DB85112550225800C103D8 /* TextFieldCustomRoundedStyle.swift in Sources */ = {isa = PBXBuildFile; fileRef = 93DB85102550225800C103D8 /* TextFieldCustomRoundedStyle.swift */; };
		93DB85162551373100C103D8 /* ProgressCircleView.swift in Sources */ = {isa = PBXBuildFile; fileRef = 93DB85152551373100C103D8 /* ProgressCircleView.swift */; };
		93DB8519255137B000C103D8 /* ProgressCircleViewModel.swift in Sources */ = {isa = PBXBuildFile; fileRef = 93DB8518255137B000C103D8 /* ProgressCircleViewModel.swift */; };
/* End PBXBuildFile section */

/* Begin PBXFileReference section */
		0F8DED6D32654C5A0728FB09 /* Pods-RunningGoals.release.xcconfig */ = {isa = PBXFileReference; includeInIndex = 1; lastKnownFileType = text.xcconfig; name = "Pods-RunningGoals.release.xcconfig"; path = "Target Support Files/Pods-RunningGoals/Pods-RunningGoals.release.xcconfig"; sourceTree = "<group>"; };
		11107CF693E5D2E5894FA338 /* Pods_RunningGoals.framework */ = {isa = PBXFileReference; explicitFileType = wrapper.framework; includeInIndex = 0; path = Pods_RunningGoals.framework; sourceTree = BUILT_PRODUCTS_DIR; };
		9392187E2541657300E5ADE9 /* RunningGoals.app */ = {isa = PBXFileReference; explicitFileType = wrapper.application; includeInIndex = 0; path = RunningGoals.app; sourceTree = BUILT_PRODUCTS_DIR; };
		939218812541657300E5ADE9 /* RunningGoalsApp.swift */ = {isa = PBXFileReference; lastKnownFileType = sourcecode.swift; path = RunningGoalsApp.swift; sourceTree = "<group>"; };
		939218832541657300E5ADE9 /* LandingView.swift */ = {isa = PBXFileReference; lastKnownFileType = sourcecode.swift; path = LandingView.swift; sourceTree = "<group>"; };
		939218852541657500E5ADE9 /* Assets.xcassets */ = {isa = PBXFileReference; lastKnownFileType = folder.assetcatalog; path = Assets.xcassets; sourceTree = "<group>"; };
		939218882541657500E5ADE9 /* Preview Assets.xcassets */ = {isa = PBXFileReference; lastKnownFileType = folder.assetcatalog; path = "Preview Assets.xcassets"; sourceTree = "<group>"; };
		9392188A2541657500E5ADE9 /* Info.plist */ = {isa = PBXFileReference; lastKnownFileType = text.plist.xml; path = Info.plist; sourceTree = "<group>"; };
		9392189125416E3000E5ADE9 /* PrimaryButtonStyle.swift */ = {isa = PBXFileReference; lastKnownFileType = sourcecode.swift; path = PrimaryButtonStyle.swift; sourceTree = "<group>"; };
		9392189525416F4400E5ADE9 /* Color+Extensions.swift */ = {isa = PBXFileReference; lastKnownFileType = sourcecode.swift; path = "Color+Extensions.swift"; sourceTree = "<group>"; };
		9392189D254177EC00E5ADE9 /* CreateGoalsView.swift */ = {isa = PBXFileReference; lastKnownFileType = sourcecode.swift; path = CreateGoalsView.swift; sourceTree = "<group>"; };
		939218A125417A6000E5ADE9 /* DropDownView.swift */ = {isa = PBXFileReference; lastKnownFileType = sourcecode.swift; path = DropDownView.swift; sourceTree = "<group>"; };
		939218A42541816F00E5ADE9 /* ReminderView.swift */ = {isa = PBXFileReference; lastKnownFileType = sourcecode.swift; path = ReminderView.swift; sourceTree = "<group>"; };
		939218A825418E8E00E5ADE9 /* CreateGoalsViewModel.swift */ = {isa = PBXFileReference; lastKnownFileType = sourcecode.swift; path = CreateGoalsViewModel.swift; sourceTree = "<group>"; };
		939218AB2541A09000E5ADE9 /* DropdownItemProtocol.swift */ = {isa = PBXFileReference; lastKnownFileType = sourcecode.swift; path = DropdownItemProtocol.swift; sourceTree = "<group>"; };
		939218B72541BDA900E5ADE9 /* PrimaryTextFieldStyle.swift */ = {isa = PBXFileReference; lastKnownFileType = sourcecode.swift; path = PrimaryTextFieldStyle.swift; sourceTree = "<group>"; };
		939218BB2541C61F00E5ADE9 /* PrimaryTextFieldProtocol.swift */ = {isa = PBXFileReference; lastKnownFileType = sourcecode.swift; path = PrimaryTextFieldProtocol.swift; sourceTree = "<group>"; };
		939218BE2541C66E00E5ADE9 /* PrimaryTextFieldView.swift */ = {isa = PBXFileReference; lastKnownFileType = sourcecode.swift; path = PrimaryTextFieldView.swift; sourceTree = "<group>"; };
		939218C22542B15300E5ADE9 /* GoogleService-Info.plist */ = {isa = PBXFileReference; fileEncoding = 4; lastKnownFileType = text.plist.xml; name = "GoogleService-Info.plist"; path = "../../../../Users/fefe/Downloads/GoogleService-Info.plist"; sourceTree = "<group>"; };
		939218DD2542BDDE00E5ADE9 /* UserService.swift */ = {isa = PBXFileReference; lastKnownFileType = sourcecode.swift; path = UserService.swift; sourceTree = "<group>"; };
		939218E125430BC000E5ADE9 /* Goal.swift */ = {isa = PBXFileReference; lastKnownFileType = sourcecode.swift; path = Goal.swift; sourceTree = "<group>"; };
		939218E525430D8000E5ADE9 /* GoalService.swift */ = {isa = PBXFileReference; lastKnownFileType = sourcecode.swift; path = GoalService.swift; sourceTree = "<group>"; };
		939218E825431E5000E5ADE9 /* GoalsError.swift */ = {isa = PBXFileReference; lastKnownFileType = sourcecode.swift; path = GoalsError.swift; sourceTree = "<group>"; };
		939D112E2547346D000A1E99 /* AuthPublisher.swift */ = {isa = PBXFileReference; lastKnownFileType = sourcecode.swift; path = AuthPublisher.swift; sourceTree = "<group>"; };
		939D11312548108E000A1E99 /* TabContainerView.swift */ = {isa = PBXFileReference; lastKnownFileType = sourcecode.swift; path = TabContainerView.swift; sourceTree = "<group>"; };
		939D113425481528000A1E99 /* TabContainerViewModel.swift */ = {isa = PBXFileReference; lastKnownFileType = sourcecode.swift; path = TabContainerViewModel.swift; sourceTree = "<group>"; };
		939D1137254832F3000A1E99 /* GoalsListView.swift */ = {isa = PBXFileReference; lastKnownFileType = sourcecode.swift; path = GoalsListView.swift; sourceTree = "<group>"; };
		939D113B2548331D000A1E99 /* GoalsListViewModel.swift */ = {isa = PBXFileReference; lastKnownFileType = sourcecode.swift; path = GoalsListViewModel.swift; sourceTree = "<group>"; };
		939D1140254833FE000A1E99 /* QuerySnapshotPublisher.swift */ = {isa = PBXFileReference; lastKnownFileType = sourcecode.swift; path = QuerySnapshotPublisher.swift; sourceTree = "<group>"; };
		939D114325485D8D000A1E99 /* GoalItemViewModel.swift */ = {isa = PBXFileReference; lastKnownFileType = sourcecode.swift; path = GoalItemViewModel.swift; sourceTree = "<group>"; };
		939D11482549A23A000A1E99 /* SettingsView.swift */ = {isa = PBXFileReference; lastKnownFileType = sourcecode.swift; path = SettingsView.swift; sourceTree = "<group>"; };
		939D114B2549A24D000A1E99 /* SettingsViewModel.swift */ = {isa = PBXFileReference; lastKnownFileType = sourcecode.swift; path = SettingsViewModel.swift; sourceTree = "<group>"; };
		939D114E2549A611000A1E99 /* SettingsItemViewModel.swift */ = {isa = PBXFileReference; lastKnownFileType = sourcecode.swift; path = SettingsItemViewModel.swift; sourceTree = "<group>"; };
		939D1153254AD5D3000A1E99 /* LandingViewModel.swift */ = {isa = PBXFileReference; lastKnownFileType = sourcecode.swift; path = LandingViewModel.swift; sourceTree = "<group>"; };
		93DB84F32550145500C103D8 /* LoginSignupView.swift */ = {isa = PBXFileReference; lastKnownFileType = sourcecode.swift; path = LoginSignupView.swift; sourceTree = "<group>"; };
		93DB84F6255014A300C103D8 /* LoginSignupViewModel.swift */ = {isa = PBXFileReference; lastKnownFileType = sourcecode.swift; path = LoginSignupViewModel.swift; sourceTree = "<group>"; };
		93DB85102550225800C103D8 /* TextFieldCustomRoundedStyle.swift */ = {isa = PBXFileReference; lastKnownFileType = sourcecode.swift; path = TextFieldCustomRoundedStyle.swift; sourceTree = "<group>"; };
		93DB85152551373100C103D8 /* ProgressCircleView.swift */ = {isa = PBXFileReference; lastKnownFileType = sourcecode.swift; path = ProgressCircleView.swift; sourceTree = "<group>"; };
		93DB8518255137B000C103D8 /* ProgressCircleViewModel.swift */ = {isa = PBXFileReference; lastKnownFileType = sourcecode.swift; path = ProgressCircleViewModel.swift; sourceTree = "<group>"; };
		E341FE6666C5C56A013F86FD /* Pods-RunningGoals.debug.xcconfig */ = {isa = PBXFileReference; includeInIndex = 1; lastKnownFileType = text.xcconfig; name = "Pods-RunningGoals.debug.xcconfig"; path = "Target Support Files/Pods-RunningGoals/Pods-RunningGoals.debug.xcconfig"; sourceTree = "<group>"; };
/* End PBXFileReference section */

/* Begin PBXFrameworksBuildPhase section */
		9392187B2541657300E5ADE9 /* Frameworks */ = {
			isa = PBXFrameworksBuildPhase;
			buildActionMask = 2147483647;
			files = (
				41BA5BF35796CF44873ECB12 /* Pods_RunningGoals.framework in Frameworks */,
			);
			runOnlyForDeploymentPostprocessing = 0;
		};
/* End PBXFrameworksBuildPhase section */

/* Begin PBXGroup section */
		0F8567184A2C4D24D52BA685 /* Frameworks */ = {
			isa = PBXGroup;
			children = (
				11107CF693E5D2E5894FA338 /* Pods_RunningGoals.framework */,
			);
			name = Frameworks;
			sourceTree = "<group>";
		};
		939218752541657300E5ADE9 = {
			isa = PBXGroup;
			children = (
				939218802541657300E5ADE9 /* RunningGoals */,
				9392187F2541657300E5ADE9 /* Products */,
				B9FA634E0069614DB04485FB /* Pods */,
				0F8567184A2C4D24D52BA685 /* Frameworks */,
			);
			sourceTree = "<group>";
		};
		9392187F2541657300E5ADE9 /* Products */ = {
			isa = PBXGroup;
			children = (
				9392187E2541657300E5ADE9 /* RunningGoals.app */,
			);
			name = Products;
			sourceTree = "<group>";
		};
		939218802541657300E5ADE9 /* RunningGoals */ = {
			isa = PBXGroup;
			children = (
				939D114725499E1F000A1E99 /* Errors */,
				9392189425416F3400E5ADE9 /* Extensions */,
				939218E025430BB600E5ADE9 /* Models */,
				939D112D25471D45000A1E99 /* Publishers */,
				939218DC2542BDD600E5ADE9 /* Services */,
				9392189B254175A300E5ADE9 /* ViewModels */,
				93921898254170EF00E5ADE9 /* Views */,
				939218812541657300E5ADE9 /* RunningGoalsApp.swift */,
				939218852541657500E5ADE9 /* Assets.xcassets */,
				939218C22542B15300E5ADE9 /* GoogleService-Info.plist */,
				9392188A2541657500E5ADE9 /* Info.plist */,
				939218872541657500E5ADE9 /* Preview Content */,
			);
			path = RunningGoals;
			sourceTree = "<group>";
		};
		939218872541657500E5ADE9 /* Preview Content */ = {
			isa = PBXGroup;
			children = (
				939218882541657500E5ADE9 /* Preview Assets.xcassets */,
			);
			path = "Preview Content";
			sourceTree = "<group>";
		};
		9392189425416F3400E5ADE9 /* Extensions */ = {
			isa = PBXGroup;
			children = (
				9392189525416F4400E5ADE9 /* Color+Extensions.swift */,
			);
			path = Extensions;
			sourceTree = "<group>";
		};
		93921898254170EF00E5ADE9 /* Views */ = {
			isa = PBXGroup;
			children = (
				9392189D254177EC00E5ADE9 /* CreateGoalsView.swift */,
				939D1137254832F3000A1E99 /* GoalsListView.swift */,
				939218832541657300E5ADE9 /* LandingView.swift */,
				93DB84F32550145500C103D8 /* LoginSignupView.swift */,
				939218A42541816F00E5ADE9 /* ReminderView.swift */,
				939D11482549A23A000A1E99 /* SettingsView.swift */,
				939D11312548108E000A1E99 /* TabContainerView.swift */,
				939218B62541BD9600E5ADE9 /* Styles */,
				93921899254170F500E5ADE9 /* Widgets */,
			);
			path = Views;
			sourceTree = "<group>";
		};
		93921899254170F500E5ADE9 /* Widgets */ = {
			isa = PBXGroup;
			children = (
				939218A125417A6000E5ADE9 /* DropDownView.swift */,
				939218BE2541C66E00E5ADE9 /* PrimaryTextFieldView.swift */,
				93DB85152551373100C103D8 /* ProgressCircleView.swift */,
			);
			path = Widgets;
			sourceTree = "<group>";
		};
		9392189B254175A300E5ADE9 /* ViewModels */ = {
			isa = PBXGroup;
			children = (
				939218A825418E8E00E5ADE9 /* CreateGoalsViewModel.swift */,
				939218AB2541A09000E5ADE9 /* DropdownItemProtocol.swift */,
				939D114325485D8D000A1E99 /* GoalItemViewModel.swift */,
				939D113B2548331D000A1E99 /* GoalsListViewModel.swift */,
				939D1153254AD5D3000A1E99 /* LandingViewModel.swift */,
				93DB84F6255014A300C103D8 /* LoginSignupViewModel.swift */,
				939218BB2541C61F00E5ADE9 /* PrimaryTextFieldProtocol.swift */,
				939D114E2549A611000A1E99 /* SettingsItemViewModel.swift */,
				939D114B2549A24D000A1E99 /* SettingsViewModel.swift */,
				939D113425481528000A1E99 /* TabContainerViewModel.swift */,
				93DB8518255137B000C103D8 /* ProgressCircleViewModel.swift */,
			);
			path = ViewModels;
			sourceTree = "<group>";
		};
		939218B62541BD9600E5ADE9 /* Styles */ = {
			isa = PBXGroup;
			children = (
				9392189125416E3000E5ADE9 /* PrimaryButtonStyle.swift */,
				939218B72541BDA900E5ADE9 /* PrimaryTextFieldStyle.swift */,
				93DB85102550225800C103D8 /* TextFieldCustomRoundedStyle.swift */,
			);
			path = Styles;
			sourceTree = "<group>";
		};
		939218DC2542BDD600E5ADE9 /* Services */ = {
			isa = PBXGroup;
			children = (
				939218DD2542BDDE00E5ADE9 /* UserService.swift */,
				939218E525430D8000E5ADE9 /* GoalService.swift */,
			);
			path = Services;
			sourceTree = "<group>";
		};
		939218E025430BB600E5ADE9 /* Models */ = {
			isa = PBXGroup;
			children = (
				939218E125430BC000E5ADE9 /* Goal.swift */,
			);
			path = Models;
			sourceTree = "<group>";
		};
		939D112D25471D45000A1E99 /* Publishers */ = {
			isa = PBXGroup;
			children = (
				939D112E2547346D000A1E99 /* AuthPublisher.swift */,
				939D1140254833FE000A1E99 /* QuerySnapshotPublisher.swift */,
			);
			path = Publishers;
			sourceTree = "<group>";
		};
		939D114725499E1F000A1E99 /* Errors */ = {
			isa = PBXGroup;
			children = (
				939218E825431E5000E5ADE9 /* GoalsError.swift */,
			);
			path = Errors;
			sourceTree = "<group>";
		};
		B9FA634E0069614DB04485FB /* Pods */ = {
			isa = PBXGroup;
			children = (
				E341FE6666C5C56A013F86FD /* Pods-RunningGoals.debug.xcconfig */,
				0F8DED6D32654C5A0728FB09 /* Pods-RunningGoals.release.xcconfig */,
			);
			path = Pods;
			sourceTree = "<group>";
		};
/* End PBXGroup section */

/* Begin PBXNativeTarget section */
		9392187D2541657300E5ADE9 /* RunningGoals */ = {
			isa = PBXNativeTarget;
			buildConfigurationList = 9392188D2541657500E5ADE9 /* Build configuration list for PBXNativeTarget "RunningGoals" */;
			buildPhases = (
				AEACFF4E3671C66D4C508622 /* [CP] Check Pods Manifest.lock */,
				9392187A2541657300E5ADE9 /* Sources */,
				9392187B2541657300E5ADE9 /* Frameworks */,
				9392187C2541657300E5ADE9 /* Resources */,
				5CD2BE51CBB122BA6809479E /* [CP] Embed Pods Frameworks */,
			);
			buildRules = (
			);
			dependencies = (
			);
			name = RunningGoals;
			productName = RunningGoals;
			productReference = 9392187E2541657300E5ADE9 /* RunningGoals.app */;
			productType = "com.apple.product-type.application";
		};
/* End PBXNativeTarget section */

/* Begin PBXProject section */
		939218762541657300E5ADE9 /* Project object */ = {
			isa = PBXProject;
			attributes = {
				LastSwiftUpdateCheck = 1200;
				LastUpgradeCheck = 1200;
				TargetAttributes = {
					9392187D2541657300E5ADE9 = {
						CreatedOnToolsVersion = 12.0.1;
					};
				};
			};
			buildConfigurationList = 939218792541657300E5ADE9 /* Build configuration list for PBXProject "RunningGoals" */;
			compatibilityVersion = "Xcode 9.3";
			developmentRegion = en;
			hasScannedForEncodings = 0;
			knownRegions = (
				en,
				Base,
			);
			mainGroup = 939218752541657300E5ADE9;
			productRefGroup = 9392187F2541657300E5ADE9 /* Products */;
			projectDirPath = "";
			projectRoot = "";
			targets = (
				9392187D2541657300E5ADE9 /* RunningGoals */,
			);
		};
/* End PBXProject section */

/* Begin PBXResourcesBuildPhase section */
		9392187C2541657300E5ADE9 /* Resources */ = {
			isa = PBXResourcesBuildPhase;
			buildActionMask = 2147483647;
			files = (
				939218892541657500E5ADE9 /* Preview Assets.xcassets in Resources */,
				939218862541657500E5ADE9 /* Assets.xcassets in Resources */,
				939218C32542B15300E5ADE9 /* GoogleService-Info.plist in Resources */,
			);
			runOnlyForDeploymentPostprocessing = 0;
		};
/* End PBXResourcesBuildPhase section */

/* Begin PBXShellScriptBuildPhase section */
		5CD2BE51CBB122BA6809479E /* [CP] Embed Pods Frameworks */ = {
			isa = PBXShellScriptBuildPhase;
			buildActionMask = 2147483647;
			files = (
			);
			inputFileListPaths = (
				"${PODS_ROOT}/Target Support Files/Pods-RunningGoals/Pods-RunningGoals-frameworks-${CONFIGURATION}-input-files.xcfilelist",
			);
			name = "[CP] Embed Pods Frameworks";
			outputFileListPaths = (
				"${PODS_ROOT}/Target Support Files/Pods-RunningGoals/Pods-RunningGoals-frameworks-${CONFIGURATION}-output-files.xcfilelist",
			);
			runOnlyForDeploymentPostprocessing = 0;
			shellPath = /bin/sh;
			shellScript = "\"${PODS_ROOT}/Target Support Files/Pods-RunningGoals/Pods-RunningGoals-frameworks.sh\"\n";
			showEnvVarsInLog = 0;
		};
		AEACFF4E3671C66D4C508622 /* [CP] Check Pods Manifest.lock */ = {
			isa = PBXShellScriptBuildPhase;
			buildActionMask = 2147483647;
			files = (
			);
			inputFileListPaths = (
			);
			inputPaths = (
				"${PODS_PODFILE_DIR_PATH}/Podfile.lock",
				"${PODS_ROOT}/Manifest.lock",
			);
			name = "[CP] Check Pods Manifest.lock";
			outputFileListPaths = (
			);
			outputPaths = (
				"$(DERIVED_FILE_DIR)/Pods-RunningGoals-checkManifestLockResult.txt",
			);
			runOnlyForDeploymentPostprocessing = 0;
			shellPath = /bin/sh;
			shellScript = "diff \"${PODS_PODFILE_DIR_PATH}/Podfile.lock\" \"${PODS_ROOT}/Manifest.lock\" > /dev/null\nif [ $? != 0 ] ; then\n    # print error to STDERR\n    echo \"error: The sandbox is not in sync with the Podfile.lock. Run 'pod install' or update your CocoaPods installation.\" >&2\n    exit 1\nfi\n# This output is used by Xcode 'outputs' to avoid re-running this script phase.\necho \"SUCCESS\" > \"${SCRIPT_OUTPUT_FILE_0}\"\n";
			showEnvVarsInLog = 0;
		};
/* End PBXShellScriptBuildPhase section */

/* Begin PBXSourcesBuildPhase section */
		9392187A2541657300E5ADE9 /* Sources */ = {
			isa = PBXSourcesBuildPhase;
			buildActionMask = 2147483647;
			files = (
				939D113525481528000A1E99 /* TabContainerViewModel.swift in Sources */,
				939D112F2547346D000A1E99 /* AuthPublisher.swift in Sources */,
				939D114F2549A611000A1E99 /* SettingsItemViewModel.swift in Sources */,
				939218B82541BDA900E5ADE9 /* PrimaryTextFieldStyle.swift in Sources */,
				939D1141254833FE000A1E99 /* QuerySnapshotPublisher.swift in Sources */,
				9392189225416E3000E5ADE9 /* PrimaryButtonStyle.swift in Sources */,
				9392189E254177EC00E5ADE9 /* CreateGoalsView.swift in Sources */,
				939218842541657300E5ADE9 /* LandingView.swift in Sources */,
				93DB85112550225800C103D8 /* TextFieldCustomRoundedStyle.swift in Sources */,
				939218AC2541A09000E5ADE9 /* DropdownItemProtocol.swift in Sources */,
				939D1138254832F3000A1E99 /* GoalsListView.swift in Sources */,
				93DB8519255137B000C103D8 /* ProgressCircleViewModel.swift in Sources */,
				939D11492549A23A000A1E99 /* SettingsView.swift in Sources */,
				93DB85162551373100C103D8 /* ProgressCircleView.swift in Sources */,
				939D114C2549A24D000A1E99 /* SettingsViewModel.swift in Sources */,
				939D11322548108E000A1E99 /* TabContainerView.swift in Sources */,
				939218A925418E8E00E5ADE9 /* CreateGoalsViewModel.swift in Sources */,
				939218E625430D8000E5ADE9 /* GoalService.swift in Sources */,
				939D114425485D8D000A1E99 /* GoalItemViewModel.swift in Sources */,
				939D1154254AD5D3000A1E99 /* LandingViewModel.swift in Sources */,
				939218E225430BC000E5ADE9 /* Goal.swift in Sources */,
				93DB84F7255014A300C103D8 /* LoginSignupViewModel.swift in Sources */,
				939218DE2542BDDE00E5ADE9 /* UserService.swift in Sources */,
				939218BF2541C66E00E5ADE9 /* PrimaryTextFieldView.swift in Sources */,
				939218A52541816F00E5ADE9 /* ReminderView.swift in Sources */,
				939218E925431E5000E5ADE9 /* GoalsError.swift in Sources */,
				939218BC2541C61F00E5ADE9 /* PrimaryTextFieldProtocol.swift in Sources */,
				939218822541657300E5ADE9 /* RunningGoalsApp.swift in Sources */,
				939D113C2548331D000A1E99 /* GoalsListViewModel.swift in Sources */,
				9392189625416F4400E5ADE9 /* Color+Extensions.swift in Sources */,
				93DB84F42550145500C103D8 /* LoginSignupView.swift in Sources */,
				939218A225417A6000E5ADE9 /* DropDownView.swift in Sources */,
			);
			runOnlyForDeploymentPostprocessing = 0;
		};
/* End PBXSourcesBuildPhase section */

/* Begin XCBuildConfiguration section */
		9392188B2541657500E5ADE9 /* Debug */ = {
			isa = XCBuildConfiguration;
			buildSettings = {
				ALWAYS_SEARCH_USER_PATHS = NO;
				CLANG_ANALYZER_NONNULL = YES;
				CLANG_ANALYZER_NUMBER_OBJECT_CONVERSION = YES_AGGRESSIVE;
				CLANG_CXX_LANGUAGE_STANDARD = "gnu++14";
				CLANG_CXX_LIBRARY = "libc++";
				CLANG_ENABLE_MODULES = YES;
				CLANG_ENABLE_OBJC_ARC = YES;
				CLANG_ENABLE_OBJC_WEAK = YES;
				CLANG_WARN_BLOCK_CAPTURE_AUTORELEASING = YES;
				CLANG_WARN_BOOL_CONVERSION = YES;
				CLANG_WARN_COMMA = YES;
				CLANG_WARN_CONSTANT_CONVERSION = YES;
				CLANG_WARN_DEPRECATED_OBJC_IMPLEMENTATIONS = YES;
				CLANG_WARN_DIRECT_OBJC_ISA_USAGE = YES_ERROR;
				CLANG_WARN_DOCUMENTATION_COMMENTS = YES;
				CLANG_WARN_EMPTY_BODY = YES;
				CLANG_WARN_ENUM_CONVERSION = YES;
				CLANG_WARN_INFINITE_RECURSION = YES;
				CLANG_WARN_INT_CONVERSION = YES;
				CLANG_WARN_NON_LITERAL_NULL_CONVERSION = YES;
				CLANG_WARN_OBJC_IMPLICIT_RETAIN_SELF = YES;
				CLANG_WARN_OBJC_LITERAL_CONVERSION = YES;
				CLANG_WARN_OBJC_ROOT_CLASS = YES_ERROR;
				CLANG_WARN_QUOTED_INCLUDE_IN_FRAMEWORK_HEADER = YES;
				CLANG_WARN_RANGE_LOOP_ANALYSIS = YES;
				CLANG_WARN_STRICT_PROTOTYPES = YES;
				CLANG_WARN_SUSPICIOUS_MOVE = YES;
				CLANG_WARN_UNGUARDED_AVAILABILITY = YES_AGGRESSIVE;
				CLANG_WARN_UNREACHABLE_CODE = YES;
				CLANG_WARN__DUPLICATE_METHOD_MATCH = YES;
				COPY_PHASE_STRIP = NO;
				DEBUG_INFORMATION_FORMAT = dwarf;
				ENABLE_STRICT_OBJC_MSGSEND = YES;
				ENABLE_TESTABILITY = YES;
				GCC_C_LANGUAGE_STANDARD = gnu11;
				GCC_DYNAMIC_NO_PIC = NO;
				GCC_NO_COMMON_BLOCKS = YES;
				GCC_OPTIMIZATION_LEVEL = 0;
				GCC_PREPROCESSOR_DEFINITIONS = (
					"DEBUG=1",
					"$(inherited)",
				);
				GCC_WARN_64_TO_32_BIT_CONVERSION = YES;
				GCC_WARN_ABOUT_RETURN_TYPE = YES_ERROR;
				GCC_WARN_UNDECLARED_SELECTOR = YES;
				GCC_WARN_UNINITIALIZED_AUTOS = YES_AGGRESSIVE;
				GCC_WARN_UNUSED_FUNCTION = YES;
				GCC_WARN_UNUSED_VARIABLE = YES;
				IPHONEOS_DEPLOYMENT_TARGET = 14.0;
				MTL_ENABLE_DEBUG_INFO = INCLUDE_SOURCE;
				MTL_FAST_MATH = YES;
				ONLY_ACTIVE_ARCH = YES;
				SDKROOT = iphoneos;
				SWIFT_ACTIVE_COMPILATION_CONDITIONS = DEBUG;
				SWIFT_OPTIMIZATION_LEVEL = "-Onone";
			};
			name = Debug;
		};
		9392188C2541657500E5ADE9 /* Release */ = {
			isa = XCBuildConfiguration;
			buildSettings = {
				ALWAYS_SEARCH_USER_PATHS = NO;
				CLANG_ANALYZER_NONNULL = YES;
				CLANG_ANALYZER_NUMBER_OBJECT_CONVERSION = YES_AGGRESSIVE;
				CLANG_CXX_LANGUAGE_STANDARD = "gnu++14";
				CLANG_CXX_LIBRARY = "libc++";
				CLANG_ENABLE_MODULES = YES;
				CLANG_ENABLE_OBJC_ARC = YES;
				CLANG_ENABLE_OBJC_WEAK = YES;
				CLANG_WARN_BLOCK_CAPTURE_AUTORELEASING = YES;
				CLANG_WARN_BOOL_CONVERSION = YES;
				CLANG_WARN_COMMA = YES;
				CLANG_WARN_CONSTANT_CONVERSION = YES;
				CLANG_WARN_DEPRECATED_OBJC_IMPLEMENTATIONS = YES;
				CLANG_WARN_DIRECT_OBJC_ISA_USAGE = YES_ERROR;
				CLANG_WARN_DOCUMENTATION_COMMENTS = YES;
				CLANG_WARN_EMPTY_BODY = YES;
				CLANG_WARN_ENUM_CONVERSION = YES;
				CLANG_WARN_INFINITE_RECURSION = YES;
				CLANG_WARN_INT_CONVERSION = YES;
				CLANG_WARN_NON_LITERAL_NULL_CONVERSION = YES;
				CLANG_WARN_OBJC_IMPLICIT_RETAIN_SELF = YES;
				CLANG_WARN_OBJC_LITERAL_CONVERSION = YES;
				CLANG_WARN_OBJC_ROOT_CLASS = YES_ERROR;
				CLANG_WARN_QUOTED_INCLUDE_IN_FRAMEWORK_HEADER = YES;
				CLANG_WARN_RANGE_LOOP_ANALYSIS = YES;
				CLANG_WARN_STRICT_PROTOTYPES = YES;
				CLANG_WARN_SUSPICIOUS_MOVE = YES;
				CLANG_WARN_UNGUARDED_AVAILABILITY = YES_AGGRESSIVE;
				CLANG_WARN_UNREACHABLE_CODE = YES;
				CLANG_WARN__DUPLICATE_METHOD_MATCH = YES;
				COPY_PHASE_STRIP = NO;
				DEBUG_INFORMATION_FORMAT = "dwarf-with-dsym";
				ENABLE_NS_ASSERTIONS = NO;
				ENABLE_STRICT_OBJC_MSGSEND = YES;
				GCC_C_LANGUAGE_STANDARD = gnu11;
				GCC_NO_COMMON_BLOCKS = YES;
				GCC_WARN_64_TO_32_BIT_CONVERSION = YES;
				GCC_WARN_ABOUT_RETURN_TYPE = YES_ERROR;
				GCC_WARN_UNDECLARED_SELECTOR = YES;
				GCC_WARN_UNINITIALIZED_AUTOS = YES_AGGRESSIVE;
				GCC_WARN_UNUSED_FUNCTION = YES;
				GCC_WARN_UNUSED_VARIABLE = YES;
				IPHONEOS_DEPLOYMENT_TARGET = 14.0;
				MTL_ENABLE_DEBUG_INFO = NO;
				MTL_FAST_MATH = YES;
				SDKROOT = iphoneos;
				SWIFT_COMPILATION_MODE = wholemodule;
				SWIFT_OPTIMIZATION_LEVEL = "-O";
				VALIDATE_PRODUCT = YES;
			};
			name = Release;
		};
		9392188E2541657500E5ADE9 /* Debug */ = {
			isa = XCBuildConfiguration;
			baseConfigurationReference = E341FE6666C5C56A013F86FD /* Pods-RunningGoals.debug.xcconfig */;
			buildSettings = {
				ASSETCATALOG_COMPILER_APPICON_NAME = AppIcon;
				ASSETCATALOG_COMPILER_GLOBAL_ACCENT_COLOR_NAME = AccentColor;
				CODE_SIGN_STYLE = Automatic;
				DEVELOPMENT_ASSET_PATHS = "\"RunningGoals/Preview Content\"";
				DEVELOPMENT_TEAM = SF385TK9CG;
				ENABLE_PREVIEWS = YES;
				INFOPLIST_FILE = RunningGoals/Info.plist;
				IPHONEOS_DEPLOYMENT_TARGET = 14.0;
				LD_RUNPATH_SEARCH_PATHS = (
					"$(inherited)",
					"@executable_path/Frameworks",
				);
				PRODUCT_BUNDLE_IDENTIFIER = com.boquet.RunningGoals;
				PRODUCT_NAME = "$(TARGET_NAME)";
				SWIFT_VERSION = 5.0;
				TARGETED_DEVICE_FAMILY = "1,2";
			};
			name = Debug;
		};
		9392188F2541657500E5ADE9 /* Release */ = {
			isa = XCBuildConfiguration;
			baseConfigurationReference = 0F8DED6D32654C5A0728FB09 /* Pods-RunningGoals.release.xcconfig */;
			buildSettings = {
				ASSETCATALOG_COMPILER_APPICON_NAME = AppIcon;
				ASSETCATALOG_COMPILER_GLOBAL_ACCENT_COLOR_NAME = AccentColor;
				CODE_SIGN_STYLE = Automatic;
				DEVELOPMENT_ASSET_PATHS = "\"RunningGoals/Preview Content\"";
				DEVELOPMENT_TEAM = SF385TK9CG;
				ENABLE_PREVIEWS = YES;
				INFOPLIST_FILE = RunningGoals/Info.plist;
				IPHONEOS_DEPLOYMENT_TARGET = 14.0;
				LD_RUNPATH_SEARCH_PATHS = (
					"$(inherited)",
					"@executable_path/Frameworks",
				);
				PRODUCT_BUNDLE_IDENTIFIER = com.boquet.RunningGoals;
				PRODUCT_NAME = "$(TARGET_NAME)";
				SWIFT_VERSION = 5.0;
				TARGETED_DEVICE_FAMILY = "1,2";
			};
			name = Release;
		};
/* End XCBuildConfiguration section */

/* Begin XCConfigurationList section */
		939218792541657300E5ADE9 /* Build configuration list for PBXProject "RunningGoals" */ = {
			isa = XCConfigurationList;
			buildConfigurations = (
				9392188B2541657500E5ADE9 /* Debug */,
				9392188C2541657500E5ADE9 /* Release */,
			);
			defaultConfigurationIsVisible = 0;
			defaultConfigurationName = Release;
		};
		9392188D2541657500E5ADE9 /* Build configuration list for PBXNativeTarget "RunningGoals" */ = {
			isa = XCConfigurationList;
			buildConfigurations = (
				9392188E2541657500E5ADE9 /* Debug */,
				9392188F2541657500E5ADE9 /* Release */,
			);
			defaultConfigurationIsVisible = 0;
			defaultConfigurationName = Release;
		};
/* End XCConfigurationList section */
	};
	rootObject = 939218762541657300E5ADE9 /* Project object */;
}
